Microsoft Visual Studio Solution File, Format Version 12.00
# Visual Studio Version 17
VisualStudioVersion = 17.5.33424.131
MinimumVisualStudioVersion = 10.0.40219.1
Project("{9A19103F-16F7-4668-BE54-9A1E7A4F7556}") = "Ipfs.Core", "Ipfs.Core\Ipfs.Core.csproj", "{6401AF07-B7F2-4664-86AA-FAD99F82DFAD}"
EndProject
Project("{9A19103F-16F7-4668-BE54-9A1E7A4F7556}") = "Ipfs.Core.Tests", "Ipfs.Core.Tests\Ipfs.Core.Tests.csproj", "{FE639401-D4C7-4528-A07C-4290A7710889}"
EndProject
Project("{2150E333-8FDC-42A3-9474-1A3956D46DE8}") = "Solution Items", "Solution Items", "{DA715302-8746-4884-95F9-B56F069A0451}"
	ProjectSection(SolutionItems) = preProject
		.codacy.yml = .codacy.yml
		.travis.yml = .travis.yml
		appveyor.yml = appveyor.yml
		builddocs.cmd = builddocs.cmd
		IpfsCore.vsmdi = IpfsCore.vsmdi
		LICENSE = LICENSE
		Local.testsettings = Local.testsettings
		README.md = README.md
		TraceAndTestImpact.testsettings = TraceAndTestImpact.testsettings
	EndProjectSection
EndProject
Project("{9A19103F-16F7-4668-BE54-9A1E7A4F7556}") = "Ipfs.Http", "Ipfs.Http\Ipfs.Http.csproj", "{64153F10-E034-430F-921C-7D4594FD6236}"
EndProject
Project("{9A19103F-16F7-4668-BE54-9A1E7A4F7556}") = "Ipfs.Http.Tests", "Ipfs.Http.Tests\Ipfs.Http.Tests.csproj", "{C15272D7-B5FD-48A2-9CFD-0EFA64A9FF18}"
EndProject
Project("{9A19103F-16F7-4668-BE54-9A1E7A4F7556}") = "Ipfs.Cli", "Ipfs.Cli\Ipfs.Cli.csproj", "{1457AEB8-291C-42E3-A622-7EBF5BBF91E3}"
EndProject
Project("{9A19103F-16F7-4668-BE54-9A1E7A4F7556}") = "Ipfs.Engine", "Ipfs.Engine\Ipfs.Engine.csproj", "{29916B3D-2133-49CA-A6CA-EFF6EF5F2BE3}"
EndProject
Project("{9A19103F-16F7-4668-BE54-9A1E7A4F7556}") = "Ipfs.Engine.Tests", "Ipfs.Engine.Tests\Ipfs.Engine.Tests.csproj", "{177AA825-FB0D-4C8D-BE73-2AF30D36C69E}"
EndProject
Project("{9A19103F-16F7-4668-BE54-9A1E7A4F7556}") = "Ipfs.Server", "Ipfs.Server\Ipfs.Server.csproj", "{2AB1AB8D-89CC-4F81-A812-143D49799F26}"
EndProject
Project("{9A19103F-16F7-4668-BE54-9A1E7A4F7556}") = "PeerTalk", "PeerTalk\PeerTalk.csproj", "{0D713964-DCE9-4738-8296-676953A210AB}"
EndProject
Project("{9A19103F-16F7-4668-BE54-9A1E7A4F7556}") = "PeerTalk.Tests", "PeerTalk.Tests\PeerTalk.Tests.csproj", "{309E78EF-8DA2-4F13-A13F-20D63B80DF3C}"
EndProject
Global
	GlobalSection(SolutionConfigurationPlatforms) = preSolution
		Debug|Any CPU = Debug|Any CPU
		Release|Any CPU = Release|Any CPU
	EndGlobalSection
	GlobalSection(ProjectConfigurationPlatforms) = postSolution
		{6401AF07-B7F2-4664-86AA-FAD99F82DFAD}.Debug|Any CPU.ActiveCfg = Debug|Any CPU
		{6401AF07-B7F2-4664-86AA-FAD99F82DFAD}.Debug|Any CPU.Build.0 = Debug|Any CPU
		{6401AF07-B7F2-4664-86AA-FAD99F82DFAD}.Release|Any CPU.ActiveCfg = Release|Any CPU
		{6401AF07-B7F2-4664-86AA-FAD99F82DFAD}.Release|Any CPU.Build.0 = Release|Any CPU
		{FE639401-D4C7-4528-A07C-4290A7710889}.Debug|Any CPU.ActiveCfg = Debug|Any CPU
		{FE639401-D4C7-4528-A07C-4290A7710889}.Debug|Any CPU.Build.0 = Debug|Any CPU
		{FE639401-D4C7-4528-A07C-4290A7710889}.Release|Any CPU.ActiveCfg = Release|Any CPU
		{FE639401-D4C7-4528-A07C-4290A7710889}.Release|Any CPU.Build.0 = Release|Any CPU
		{64153F10-E034-430F-921C-7D4594FD6236}.Debug|Any CPU.ActiveCfg = Debug|Any CPU
		{64153F10-E034-430F-921C-7D4594FD6236}.Debug|Any CPU.Build.0 = Debug|Any CPU
		{64153F10-E034-430F-921C-7D4594FD6236}.Release|Any CPU.ActiveCfg = Release|Any CPU
		{64153F10-E034-430F-921C-7D4594FD6236}.Release|Any CPU.Build.0 = Release|Any CPU
		{C15272D7-B5FD-48A2-9CFD-0EFA64A9FF18}.Debug|Any CPU.ActiveCfg = Debug|Any CPU
		{C15272D7-B5FD-48A2-9CFD-0EFA64A9FF18}.Debug|Any CPU.Build.0 = Debug|Any CPU
		{C15272D7-B5FD-48A2-9CFD-0EFA64A9FF18}.Release|Any CPU.ActiveCfg = Release|Any CPU
		{C15272D7-B5FD-48A2-9CFD-0EFA64A9FF18}.Release|Any CPU.Build.0 = Release|Any CPU
		{1457AEB8-291C-42E3-A622-7EBF5BBF91E3}.Debug|Any CPU.ActiveCfg = Debug|Any CPU
		{1457AEB8-291C-42E3-A622-7EBF5BBF91E3}.Debug|Any CPU.Build.0 = Debug|Any CPU
		{1457AEB8-291C-42E3-A622-7EBF5BBF91E3}.Release|Any CPU.ActiveCfg = Release|Any CPU
		{1457AEB8-291C-42E3-A622-7EBF5BBF91E3}.Release|Any CPU.Build.0 = Release|Any CPU
		{29916B3D-2133-49CA-A6CA-EFF6EF5F2BE3}.Debug|Any CPU.ActiveCfg = Debug|Any CPU
		{29916B3D-2133-49CA-A6CA-EFF6EF5F2BE3}.Debug|Any CPU.Build.0 = Debug|Any CPU
		{29916B3D-2133-49CA-A6CA-EFF6EF5F2BE3}.Release|Any CPU.ActiveCfg = Release|Any CPU
		{29916B3D-2133-49CA-A6CA-EFF6EF5F2BE3}.Release|Any CPU.Build.0 = Release|Any CPU
		{177AA825-FB0D-4C8D-BE73-2AF30D36C69E}.Debug|Any CPU.ActiveCfg = Debug|Any CPU
		{177AA825-FB0D-4C8D-BE73-2AF30D36C69E}.Debug|Any CPU.Build.0 = Debug|Any CPU
		{177AA825-FB0D-4C8D-BE73-2AF30D36C69E}.Release|Any CPU.ActiveCfg = Release|Any CPU
		{177AA825-FB0D-4C8D-BE73-2AF30D36C69E}.Release|Any CPU.Build.0 = Release|Any CPU
		{2AB1AB8D-89CC-4F81-A812-143D49799F26}.Debug|Any CPU.ActiveCfg = Debug|Any CPU
		{2AB1AB8D-89CC-4F81-A812-143D49799F26}.Debug|Any CPU.Build.0 = Debug|Any CPU
		{2AB1AB8D-89CC-4F81-A812-143D49799F26}.Release|Any CPU.ActiveCfg = Release|Any CPU
		{2AB1AB8D-89CC-4F81-A812-143D49799F26}.Release|Any CPU.Build.0 = Release|Any CPU
		{0D713964-DCE9-4738-8296-676953A210AB}.Debug|Any CPU.ActiveCfg = Debug|Any CPU
		{0D713964-DCE9-4738-8296-676953A210AB}.Debug|Any CPU.Build.0 = Debug|Any CPU
		{0D713964-DCE9-4738-8296-676953A210AB}.Release|Any CPU.ActiveCfg = Release|Any CPU
		{0D713964-DCE9-4738-8296-676953A210AB}.Release|Any CPU.Build.0 = Release|Any CPU
		{309E78EF-8DA2-4F13-A13F-20D63B80DF3C}.Debug|Any CPU.ActiveCfg = Debug|Any CPU
		{309E78EF-8DA2-4F13-A13F-20D63B80DF3C}.Debug|Any CPU.Build.0 = Debug|Any CPU
		{309E78EF-8DA2-4F13-A13F-20D63B80DF3C}.Release|Any CPU.ActiveCfg = Release|Any CPU
		{309E78EF-8DA2-4F13-A13F-20D63B80DF3C}.Release|Any CPU.Build.0 = Release|Any CPU
	EndGlobalSection
	GlobalSection(SolutionProperties) = preSolution
		HideSolutionNode = FALSE
	EndGlobalSection
	GlobalSection(ExtensibilityGlobals) = postSolution
		SolutionGuid = {36ED5AA7-8F41-4F7D-A665-230635EF64A1}
	EndGlobalSection
	GlobalSection(TestCaseManagementSettings) = postSolution
		CategoryFile = IpfsCore.vsmdi
	EndGlobalSection
EndGlobal
